
Microsoft Visual Studio Solution File, Format Version 12.00
# Visual Studio Version 16
VisualStudioVersion = 16.0.30523.141
MinimumVisualStudioVersion = 10.0.40219.1
Project("{FAE04EC0-301F-11D3-BF4B-00C04F79EFBC}") = "StarWarsUniverseClone", "StarWarsUniverseClone\StarWarsUniverseClone.csproj", "{1C5989DC-27BB-4AE9-B252-C87346E103F8}"
EndProject
Project("{FAE04EC0-301F-11D3-BF4B-00C04F79EFBC}") = "StarWarsUniverse.Domain", "StarWarsUniverse.Domain\StarWarsUniverse.Domain.csproj", "{7D0A4E9B-C341-4522-BCEC-C0270BD960DF}"
EndProject
Project("{FAE04EC0-301F-11D3-BF4B-00C04F79EFBC}") = "StarWarsUniverse.Data", "StarWarsUniverse.Data\StarWarsUniverse.Data.csproj", "{4AB4D581-8FCC-4DDE-85D8-2D75347D20F2}"
EndProject
Project("{FAE04EC0-301F-11D3-BF4B-00C04F79EFBC}") = "StarWarsUniverse.Tests", "StarWarsUniverse.Tests\StarWarsUniverse.Tests.csproj", "{C74127EC-7F78-404A-AEC0-660639269401}"
	ProjectSection(ProjectDependencies) = postProject
		{4AB4D581-8FCC-4DDE-85D8-2D75347D20F2} = {4AB4D581-8FCC-4DDE-85D8-2D75347D20F2}
	EndProjectSection
EndProject
Global
	GlobalSection(SolutionConfigurationPlatforms) = preSolution
		Debug|Any CPU = Debug|Any CPU
		Release|Any CPU = Release|Any CPU
	EndGlobalSection
	GlobalSection(ProjectConfigurationPlatforms) = postSolution
		{1C5989DC-27BB-4AE9-B252-C87346E103F8}.Debug|Any CPU.ActiveCfg = Debug|Any CPU
		{1C5989DC-27BB-4AE9-B252-C87346E103F8}.Debug|Any CPU.Build.0 = Debug|Any CPU
		{1C5989DC-27BB-4AE9-B252-C87346E103F8}.Release|Any CPU.ActiveCfg = Release|Any CPU
		{1C5989DC-27BB-4AE9-B252-C87346E103F8}.Release|Any CPU.Build.0 = Release|Any CPU
		{7D0A4E9B-C341-4522-BCEC-C0270BD960DF}.Debug|Any CPU.ActiveCfg = Debug|Any CPU
		{7D0A4E9B-C341-4522-BCEC-C0270BD960DF}.Debug|Any CPU.Build.0 = Debug|Any CPU
		{7D0A4E9B-C341-4522-BCEC-C0270BD960DF}.Release|Any CPU.ActiveCfg = Release|Any CPU
		{7D0A4E9B-C341-4522-BCEC-C0270BD960DF}.Release|Any CPU.Build.0 = Release|Any CPU
		{4AB4D581-8FCC-4DDE-85D8-2D75347D20F2}.Debug|Any CPU.ActiveCfg = Debug|Any CPU
		{4AB4D581-8FCC-4DDE-85D8-2D75347D20F2}.Debug|Any CPU.Build.0 = Debug|Any CPU
		{4AB4D581-8FCC-4DDE-85D8-2D75347D20F2}.Release|Any CPU.ActiveCfg = Release|Any CPU
		{4AB4D581-8FCC-4DDE-85D8-2D75347D20F2}.Release|Any CPU.Build.0 = Release|Any CPU
		{C74127EC-7F78-404A-AEC0-660639269401}.Debug|Any CPU.ActiveCfg = Debug|Any CPU
		{C74127EC-7F78-404A-AEC0-660639269401}.Debug|Any CPU.Build.0 = Debug|Any CPU
		{C74127EC-7F78-404A-AEC0-660639269401}.Release|Any CPU.ActiveCfg = Release|Any CPU
		{C74127EC-7F78-404A-AEC0-660639269401}.Release|Any CPU.Build.0 = Release|Any CPU
	EndGlobalSection
	GlobalSection(SolutionProperties) = preSolution
		HideSolutionNode = FALSE
	EndGlobalSection
	GlobalSection(ExtensibilityGlobals) = postSolution
		SolutionGuid = {C0853F22-EB22-4B05-9EA4-773B242B0CD0}
	EndGlobalSection
EndGlobal
